
Microsoft Visual Studio Solution File, Format Version 12.00
# Visual Studio Version 17
VisualStudioVersion = 17.4.33110.190
MinimumVisualStudioVersion = 10.0.40219.1
Project("{FAE04EC0-301F-11D3-BF4B-00C04F79EFBC}") = "patron-abstract-factory", "patron-abstract-factory\patron-abstract-factory.csproj", "{0F0E76A3-C472-4372-9DEF-4BA1F8F9C295}"
EndProject
Global
	GlobalSection(SolutionConfigurationPlatforms) = preSolution
		Debug|Any CPU = Debug|Any CPU
		Release|Any CPU = Release|Any CPU
	EndGlobalSection
	GlobalSection(ProjectConfigurationPlatforms) = postSolution
		{0F0E76A3-C472-4372-9DEF-4BA1F8F9C295}.Debug|Any CPU.ActiveCfg = Debug|Any CPU
		{0F0E76A3-C472-4372-9DEF-4BA1F8F9C295}.Debug|Any CPU.Build.0 = Debug|Any CPU
		{0F0E76A3-C472-4372-9DEF-4BA1F8F9C295}.Release|Any CPU.ActiveCfg = Release|Any CPU
		{0F0E76A3-C472-4372-9DEF-4BA1F8F9C295}.Release|Any CPU.Build.0 = Release|Any CPU
	EndGlobalSection
	GlobalSection(SolutionProperties) = preSolution
		HideSolutionNode = FALSE
	EndGlobalSection
	GlobalSection(ExtensibilityGlobals) = postSolution
		SolutionGuid = {D7AD8F22-A6CC-4973-BCEA-19CF1943CD0F}
	EndGlobalSection
EndGlobal
