
Microsoft Visual Studio Solution File, Format Version 12.00
# Visual Studio Version 17
VisualStudioVersion = 17.4.33110.190
MinimumVisualStudioVersion = 10.0.40219.1
Project("{FAE04EC0-301F-11D3-BF4B-00C04F79EFBC}") = "patron-template-method", "patron-template-method\patron-template-method.csproj", "{0ADB8C24-E8E7-4F4C-BD41-35CDEF4C05E5}"
EndProject
Global
	GlobalSection(SolutionConfigurationPlatforms) = preSolution
		Debug|Any CPU = Debug|Any CPU
		Release|Any CPU = Release|Any CPU
	EndGlobalSection
	GlobalSection(ProjectConfigurationPlatforms) = postSolution
		{0ADB8C24-E8E7-4F4C-BD41-35CDEF4C05E5}.Debug|Any CPU.ActiveCfg = Debug|Any CPU
		{0ADB8C24-E8E7-4F4C-BD41-35CDEF4C05E5}.Debug|Any CPU.Build.0 = Debug|Any CPU
		{0ADB8C24-E8E7-4F4C-BD41-35CDEF4C05E5}.Release|Any CPU.ActiveCfg = Release|Any CPU
		{0ADB8C24-E8E7-4F4C-BD41-35CDEF4C05E5}.Release|Any CPU.Build.0 = Release|Any CPU
	EndGlobalSection
	GlobalSection(SolutionProperties) = preSolution
		HideSolutionNode = FALSE
	EndGlobalSection
	GlobalSection(ExtensibilityGlobals) = postSolution
		SolutionGuid = {97DF4BAA-18FA-40F7-AD1E-9BF9A616CEE3}
	EndGlobalSection
EndGlobal
