
Microsoft Visual Studio Solution File, Format Version 12.00
# Visual Studio Version 17
VisualStudioVersion = 17.4.33110.190
MinimumVisualStudioVersion = 10.0.40219.1
Project("{FAE04EC0-301F-11D3-BF4B-00C04F79EFBC}") = "todo-mal", "todo-mal\todo-mal.csproj", "{FA933CD6-2ACA-4D57-A4BC-DD23021932D6}"
EndProject
Global
	GlobalSection(SolutionConfigurationPlatforms) = preSolution
		Debug|Any CPU = Debug|Any CPU
		Release|Any CPU = Release|Any CPU
	EndGlobalSection
	GlobalSection(ProjectConfigurationPlatforms) = postSolution
		{FA933CD6-2ACA-4D57-A4BC-DD23021932D6}.Debug|Any CPU.ActiveCfg = Debug|Any CPU
		{FA933CD6-2ACA-4D57-A4BC-DD23021932D6}.Debug|Any CPU.Build.0 = Debug|Any CPU
		{FA933CD6-2ACA-4D57-A4BC-DD23021932D6}.Release|Any CPU.ActiveCfg = Release|Any CPU
		{FA933CD6-2ACA-4D57-A4BC-DD23021932D6}.Release|Any CPU.Build.0 = Release|Any CPU
	EndGlobalSection
	GlobalSection(SolutionProperties) = preSolution
		HideSolutionNode = FALSE
	EndGlobalSection
	GlobalSection(ExtensibilityGlobals) = postSolution
		SolutionGuid = {95F004E5-D9B4-4871-AFB1-880D1D1D1B25}
	EndGlobalSection
EndGlobal
