
Microsoft Visual Studio Solution File, Format Version 12.00
# Visual Studio Version 17
VisualStudioVersion = 17.4.33110.190
MinimumVisualStudioVersion = 10.0.40219.1
Project("{FAE04EC0-301F-11D3-BF4B-00C04F79EFBC}") = "patron-facade", "patron-facade\patron-facade.csproj", "{7B6B2637-4184-4F03-8B9E-33A4722C64F9}"
EndProject
Global
	GlobalSection(SolutionConfigurationPlatforms) = preSolution
		Debug|Any CPU = Debug|Any CPU
		Release|Any CPU = Release|Any CPU
	EndGlobalSection
	GlobalSection(ProjectConfigurationPlatforms) = postSolution
		{7B6B2637-4184-4F03-8B9E-33A4722C64F9}.Debug|Any CPU.ActiveCfg = Debug|Any CPU
		{7B6B2637-4184-4F03-8B9E-33A4722C64F9}.Debug|Any CPU.Build.0 = Debug|Any CPU
		{7B6B2637-4184-4F03-8B9E-33A4722C64F9}.Release|Any CPU.ActiveCfg = Release|Any CPU
		{7B6B2637-4184-4F03-8B9E-33A4722C64F9}.Release|Any CPU.Build.0 = Release|Any CPU
	EndGlobalSection
	GlobalSection(SolutionProperties) = preSolution
		HideSolutionNode = FALSE
	EndGlobalSection
	GlobalSection(ExtensibilityGlobals) = postSolution
		SolutionGuid = {3C846251-AD03-48CE-BE1D-34A7BE268D09}
	EndGlobalSection
EndGlobal
